
Microsoft Visual Studio Solution File, Format Version 12.00
# Visual Studio Version 17
VisualStudioVersion = 17.0.0
MinimumVisualStudioVersion = 10.0.40219.1
Project("{2150E333-8FDC-42A3-9474-1A3956D46DE8}") = "meta", "meta", "{303F065A-60BE-4D87-A36F-6350596D96B2}"
	ProjectSection(SolutionItems) = preProject
		.editorconfig = .editorconfig
		.gitignore = .gitignore
		README.md = README.md
	EndProjectSection
EndProject
Project("{2150E333-8FDC-42A3-9474-1A3956D46DE8}") = "src", "src", "{EE11791C-3658-44D3-B502-955606824FAF}"
EndProject
Project("{2150E333-8FDC-42A3-9474-1A3956D46DE8}") = "tests", "tests", "{6C7448F6-DCA3-48BE-91F2-34A45D87AF0D}"
EndProject
Project("{2150E333-8FDC-42A3-9474-1A3956D46DE8}") = "Web", "Web", "{F80E450B-42A6-4E02-9479-C23D42062634}"
EndProject
Project("{2150E333-8FDC-42A3-9474-1A3956D46DE8}") = "cicd", "cicd", "{81354088-C3CC-4FAA-9B5F-71AFDA2CD600}"
EndProject
Project("{9A19103F-16F7-4668-BE54-9A1E7A4F7556}") = "ApiServer", "src\Web\ApiServer\ApiServer.csproj", "{A4637D79-5C38-4296-8B9A-659DE2B983BB}"
EndProject
Project("{9A19103F-16F7-4668-BE54-9A1E7A4F7556}") = "Application", "src\Application\Application.csproj", "{90AD6AD8-9957-4CD3-8ED4-1AB4B0C3B756}"
EndProject
Project("{9A19103F-16F7-4668-BE54-9A1E7A4F7556}") = "Domain", "src\Domain\Domain.csproj", "{DB1BB171-69DB-4EEB-88BC-14992730FD23}"
EndProject
Project("{9A19103F-16F7-4668-BE54-9A1E7A4F7556}") = "Infrastructure", "src\Infrastructure\Infrastructure.csproj", "{E8B1BD54-94E3-4DF4-91DF-3246B6C18233}"
EndProject
Project("{9A19103F-16F7-4668-BE54-9A1E7A4F7556}") = "Application.UnitTests", "tests\Application.UnitTests\Application.UnitTests.csproj", "{95E634DB-5910-44E9-80C2-0B3CF9750D49}"
EndProject
Project("{9A19103F-16F7-4668-BE54-9A1E7A4F7556}") = "Domain.UnitTests", "tests\Domain.UnitTests\Domain.UnitTests.csproj", "{57EA597E-EA90-4317-8608-B3BF8D7FD81F}"
EndProject
Project("{9A19103F-16F7-4668-BE54-9A1E7A4F7556}") = "Web.Tests", "tests\Web.Tests\Web.Tests.csproj", "{7D9D687B-0ACA-4C54-B2E4-533E760984F5}"
EndProject
Project("{9A19103F-16F7-4668-BE54-9A1E7A4F7556}") = "UI", "src\Web\UI\UI.csproj", "{61ABE855-7C3A-4EB5-BDB4-8A46DF59C1C2}"
EndProject
Global
	GlobalSection(SolutionConfigurationPlatforms) = preSolution
		Debug|Any CPU = Debug|Any CPU
		Release|Any CPU = Release|Any CPU
	EndGlobalSection
	GlobalSection(ProjectConfigurationPlatforms) = postSolution
		{A4637D79-5C38-4296-8B9A-659DE2B983BB}.Debug|Any CPU.ActiveCfg = Debug|Any CPU
		{A4637D79-5C38-4296-8B9A-659DE2B983BB}.Debug|Any CPU.Build.0 = Debug|Any CPU
		{A4637D79-5C38-4296-8B9A-659DE2B983BB}.Release|Any CPU.ActiveCfg = Release|Any CPU
		{A4637D79-5C38-4296-8B9A-659DE2B983BB}.Release|Any CPU.Build.0 = Release|Any CPU
		{90AD6AD8-9957-4CD3-8ED4-1AB4B0C3B756}.Debug|Any CPU.ActiveCfg = Debug|Any CPU
		{90AD6AD8-9957-4CD3-8ED4-1AB4B0C3B756}.Debug|Any CPU.Build.0 = Debug|Any CPU
		{90AD6AD8-9957-4CD3-8ED4-1AB4B0C3B756}.Release|Any CPU.ActiveCfg = Release|Any CPU
		{90AD6AD8-9957-4CD3-8ED4-1AB4B0C3B756}.Release|Any CPU.Build.0 = Release|Any CPU
		{DB1BB171-69DB-4EEB-88BC-14992730FD23}.Debug|Any CPU.ActiveCfg = Debug|Any CPU
		{DB1BB171-69DB-4EEB-88BC-14992730FD23}.Debug|Any CPU.Build.0 = Debug|Any CPU
		{DB1BB171-69DB-4EEB-88BC-14992730FD23}.Release|Any CPU.ActiveCfg = Release|Any CPU
		{DB1BB171-69DB-4EEB-88BC-14992730FD23}.Release|Any CPU.Build.0 = Release|Any CPU
		{E8B1BD54-94E3-4DF4-91DF-3246B6C18233}.Debug|Any CPU.ActiveCfg = Debug|Any CPU
		{E8B1BD54-94E3-4DF4-91DF-3246B6C18233}.Debug|Any CPU.Build.0 = Debug|Any CPU
		{E8B1BD54-94E3-4DF4-91DF-3246B6C18233}.Release|Any CPU.ActiveCfg = Release|Any CPU
		{E8B1BD54-94E3-4DF4-91DF-3246B6C18233}.Release|Any CPU.Build.0 = Release|Any CPU
		{95E634DB-5910-44E9-80C2-0B3CF9750D49}.Debug|Any CPU.ActiveCfg = Debug|Any CPU
		{95E634DB-5910-44E9-80C2-0B3CF9750D49}.Debug|Any CPU.Build.0 = Debug|Any CPU
		{95E634DB-5910-44E9-80C2-0B3CF9750D49}.Release|Any CPU.ActiveCfg = Release|Any CPU
		{95E634DB-5910-44E9-80C2-0B3CF9750D49}.Release|Any CPU.Build.0 = Release|Any CPU
		{57EA597E-EA90-4317-8608-B3BF8D7FD81F}.Debug|Any CPU.ActiveCfg = Debug|Any CPU
		{57EA597E-EA90-4317-8608-B3BF8D7FD81F}.Debug|Any CPU.Build.0 = Debug|Any CPU
		{57EA597E-EA90-4317-8608-B3BF8D7FD81F}.Release|Any CPU.ActiveCfg = Release|Any CPU
		{57EA597E-EA90-4317-8608-B3BF8D7FD81F}.Release|Any CPU.Build.0 = Release|Any CPU
		{7D9D687B-0ACA-4C54-B2E4-533E760984F5}.Debug|Any CPU.ActiveCfg = Debug|Any CPU
		{7D9D687B-0ACA-4C54-B2E4-533E760984F5}.Debug|Any CPU.Build.0 = Debug|Any CPU
		{7D9D687B-0ACA-4C54-B2E4-533E760984F5}.Release|Any CPU.ActiveCfg = Release|Any CPU
		{7D9D687B-0ACA-4C54-B2E4-533E760984F5}.Release|Any CPU.Build.0 = Release|Any CPU
		{61ABE855-7C3A-4EB5-BDB4-8A46DF59C1C2}.Debug|Any CPU.ActiveCfg = Debug|Any CPU
		{61ABE855-7C3A-4EB5-BDB4-8A46DF59C1C2}.Debug|Any CPU.Build.0 = Debug|Any CPU
		{61ABE855-7C3A-4EB5-BDB4-8A46DF59C1C2}.Release|Any CPU.ActiveCfg = Release|Any CPU
		{61ABE855-7C3A-4EB5-BDB4-8A46DF59C1C2}.Release|Any CPU.Build.0 = Release|Any CPU
	EndGlobalSection
	GlobalSection(SolutionProperties) = preSolution
		HideSolutionNode = FALSE
	EndGlobalSection
	GlobalSection(NestedProjects) = preSolution
		{F80E450B-42A6-4E02-9479-C23D42062634} = {EE11791C-3658-44D3-B502-955606824FAF}
		{A4637D79-5C38-4296-8B9A-659DE2B983BB} = {F80E450B-42A6-4E02-9479-C23D42062634}
		{90AD6AD8-9957-4CD3-8ED4-1AB4B0C3B756} = {EE11791C-3658-44D3-B502-955606824FAF}
		{DB1BB171-69DB-4EEB-88BC-14992730FD23} = {EE11791C-3658-44D3-B502-955606824FAF}
		{E8B1BD54-94E3-4DF4-91DF-3246B6C18233} = {EE11791C-3658-44D3-B502-955606824FAF}
		{95E634DB-5910-44E9-80C2-0B3CF9750D49} = {6C7448F6-DCA3-48BE-91F2-34A45D87AF0D}
		{57EA597E-EA90-4317-8608-B3BF8D7FD81F} = {6C7448F6-DCA3-48BE-91F2-34A45D87AF0D}
		{7D9D687B-0ACA-4C54-B2E4-533E760984F5} = {6C7448F6-DCA3-48BE-91F2-34A45D87AF0D}
		{61ABE855-7C3A-4EB5-BDB4-8A46DF59C1C2} = {F80E450B-42A6-4E02-9479-C23D42062634}
	EndGlobalSection
	GlobalSection(ExtensibilityGlobals) = postSolution
		SolutionGuid = {87A012F3-CF6A-46DF-A623-9B3592A332F6}
	EndGlobalSection
EndGlobal
